// !$*UTF8*$!
{
	archiveVersion = 1;
	classes = {
	};
	objectVersion = 46;
	objects = {

/* Begin PBXBuildFile section */
		48CCD44AF63B701309E22C69 /* Pods_PactRecordingStubTests.framework in Frameworks */ = {isa = PBXBuildFile; fileRef = 455712EC59B984964C74E294 /* Pods_PactRecordingStubTests.framework */; };
		6A4C88E0D2E8BA2BAD5A7E92 /* Pods.framework in Frameworks */ = {isa = PBXBuildFile; fileRef = AFF5060DE386AF79EE7D2EF9 /* Pods.framework */; };
		735BE0CB1C296998007146F6 /* PactRecordingStub.framework in Frameworks */ = {isa = PBXBuildFile; fileRef = 735BE0C01C296998007146F6 /* PactRecordingStub.framework */; };
		735BE0D01C296998007146F6 /* PactRecorderTests.swift in Sources */ = {isa = PBXBuildFile; fileRef = 735BE0CF1C296998007146F6 /* PactRecorderTests.swift */; };
		735BE0DB1C296A68007146F6 /* PactRecorder.swift in Sources */ = {isa = PBXBuildFile; fileRef = 735BE0DA1C296A68007146F6 /* PactRecorder.swift */; };
		735BE0DD1C296BEE007146F6 /* PactRecordingStub.swift in Sources */ = {isa = PBXBuildFile; fileRef = 735BE0DC1C296BEE007146F6 /* PactRecordingStub.swift */; };
		735BE0E11C296D2C007146F6 /* PactRecordingStubTest.swift in Sources */ = {isa = PBXBuildFile; fileRef = 735BE0E01C296D2C007146F6 /* PactRecordingStubTest.swift */; };
		B06691DD68D26DC4A6974C09 /* NetworkService.swift in Sources */ = {isa = PBXBuildFile; fileRef = B0669D408D4417FFE54B9163 /* NetworkService.swift */; };
/* End PBXBuildFile section */

/* Begin PBXContainerItemProxy section */
		735BE0CC1C296998007146F6 /* PBXContainerItemProxy */ = {
			isa = PBXContainerItemProxy;
			containerPortal = 735BE0B71C296998007146F6 /* Project object */;
			proxyType = 1;
			remoteGlobalIDString = 735BE0BF1C296998007146F6;
			remoteInfo = PactRecordingStub;
		};
/* End PBXContainerItemProxy section */

/* Begin PBXFileReference section */
		085C2562B7F6902A48F297A9 /* Pods.debug.xcconfig */ = {isa = PBXFileReference; includeInIndex = 1; lastKnownFileType = text.xcconfig; name = Pods.debug.xcconfig; path = "Pods/Target Support Files/Pods/Pods.debug.xcconfig"; sourceTree = "<group>"; };
		34059C5DD8AB83D123488BB8 /* Pods.release.xcconfig */ = {isa = PBXFileReference; includeInIndex = 1; lastKnownFileType = text.xcconfig; name = Pods.release.xcconfig; path = "Pods/Target Support Files/Pods/Pods.release.xcconfig"; sourceTree = "<group>"; };
		455712EC59B984964C74E294 /* Pods_PactRecordingStubTests.framework */ = {isa = PBXFileReference; explicitFileType = wrapper.framework; includeInIndex = 0; path = Pods_PactRecordingStubTests.framework; sourceTree = BUILT_PRODUCTS_DIR; };
		735BE0C01C296998007146F6 /* PactRecordingStub.framework */ = {isa = PBXFileReference; explicitFileType = wrapper.framework; includeInIndex = 0; path = PactRecordingStub.framework; sourceTree = BUILT_PRODUCTS_DIR; };
		735BE0C51C296998007146F6 /* Info.plist */ = {isa = PBXFileReference; lastKnownFileType = text.plist.xml; path = Info.plist; sourceTree = "<group>"; };
		735BE0CA1C296998007146F6 /* PactRecordingStubTests.xctest */ = {isa = PBXFileReference; explicitFileType = wrapper.cfbundle; includeInIndex = 0; path = PactRecordingStubTests.xctest; sourceTree = BUILT_PRODUCTS_DIR; };
		735BE0CF1C296998007146F6 /* PactRecorderTests.swift */ = {isa = PBXFileReference; lastKnownFileType = sourcecode.swift; path = PactRecorderTests.swift; sourceTree = "<group>"; };
		735BE0D11C296998007146F6 /* Info.plist */ = {isa = PBXFileReference; lastKnownFileType = text.plist.xml; path = Info.plist; sourceTree = "<group>"; };
		735BE0DA1C296A68007146F6 /* PactRecorder.swift */ = {isa = PBXFileReference; fileEncoding = 4; lastKnownFileType = sourcecode.swift; path = PactRecorder.swift; sourceTree = "<group>"; };
		735BE0DC1C296BEE007146F6 /* PactRecordingStub.swift */ = {isa = PBXFileReference; fileEncoding = 4; lastKnownFileType = sourcecode.swift; path = PactRecordingStub.swift; sourceTree = "<group>"; };
		735BE0E01C296D2C007146F6 /* PactRecordingStubTest.swift */ = {isa = PBXFileReference; fileEncoding = 4; lastKnownFileType = sourcecode.swift; path = PactRecordingStubTest.swift; sourceTree = "<group>"; };
		903651EE7D08E7B835107DAF /* Pods-PactRecordingStubTests.debug.xcconfig */ = {isa = PBXFileReference; includeInIndex = 1; lastKnownFileType = text.xcconfig; name = "Pods-PactRecordingStubTests.debug.xcconfig"; path = "Pods/Target Support Files/Pods-PactRecordingStubTests/Pods-PactRecordingStubTests.debug.xcconfig"; sourceTree = "<group>"; };
		AFF5060DE386AF79EE7D2EF9 /* Pods.framework */ = {isa = PBXFileReference; explicitFileType = wrapper.framework; includeInIndex = 0; path = Pods.framework; sourceTree = BUILT_PRODUCTS_DIR; };
		B0669D408D4417FFE54B9163 /* NetworkService.swift */ = {isa = PBXFileReference; fileEncoding = 4; lastKnownFileType = sourcecode.swift; path = NetworkService.swift; sourceTree = "<group>"; };
		C8053AFF630D28BDBE678927 /* Pods-PactRecordingStubTests.release.xcconfig */ = {isa = PBXFileReference; includeInIndex = 1; lastKnownFileType = text.xcconfig; name = "Pods-PactRecordingStubTests.release.xcconfig"; path = "Pods/Target Support Files/Pods-PactRecordingStubTests/Pods-PactRecordingStubTests.release.xcconfig"; sourceTree = "<group>"; };
/* End PBXFileReference section */

/* Begin PBXFrameworksBuildPhase section */
		735BE0BC1C296998007146F6 /* Frameworks */ = {
			isa = PBXFrameworksBuildPhase;
			buildActionMask = 2147483647;
			files = (
				6A4C88E0D2E8BA2BAD5A7E92 /* Pods.framework in Frameworks */,
			);
			runOnlyForDeploymentPostprocessing = 0;
		};
		735BE0C71C296998007146F6 /* Frameworks */ = {
			isa = PBXFrameworksBuildPhase;
			buildActionMask = 2147483647;
			files = (
				735BE0CB1C296998007146F6 /* PactRecordingStub.framework in Frameworks */,
				48CCD44AF63B701309E22C69 /* Pods_PactRecordingStubTests.framework in Frameworks */,
			);
			runOnlyForDeploymentPostprocessing = 0;
		};
/* End PBXFrameworksBuildPhase section */

/* Begin PBXGroup section */
		10F800E8529C184556C9782E /* Pods */ = {
			isa = PBXGroup;
			children = (
				085C2562B7F6902A48F297A9 /* Pods.debug.xcconfig */,
				34059C5DD8AB83D123488BB8 /* Pods.release.xcconfig */,
				903651EE7D08E7B835107DAF /* Pods-PactRecordingStubTests.debug.xcconfig */,
				C8053AFF630D28BDBE678927 /* Pods-PactRecordingStubTests.release.xcconfig */,
			);
			name = Pods;
			sourceTree = "<group>";
		};
		735BE0B61C296998007146F6 = {
			isa = PBXGroup;
			children = (
				735BE0C21C296998007146F6 /* PactRecordingStub */,
				735BE0CE1C296998007146F6 /* PactRecordingStubTests */,
				735BE0C11C296998007146F6 /* Products */,
				10F800E8529C184556C9782E /* Pods */,
				F26B68C4348EECD4B566E2DB /* Frameworks */,
			);
			sourceTree = "<group>";
		};
		735BE0C11C296998007146F6 /* Products */ = {
			isa = PBXGroup;
			children = (
				735BE0C01C296998007146F6 /* PactRecordingStub.framework */,
				735BE0CA1C296998007146F6 /* PactRecordingStubTests.xctest */,
			);
			name = Products;
			sourceTree = "<group>";
		};
		735BE0C21C296998007146F6 /* PactRecordingStub */ = {
			isa = PBXGroup;
			children = (
				735BE0C51C296998007146F6 /* Info.plist */,
				735BE0DA1C296A68007146F6 /* PactRecorder.swift */,
				735BE0DC1C296BEE007146F6 /* PactRecordingStub.swift */,
			);
			path = PactRecordingStub;
			sourceTree = "<group>";
		};
		735BE0CE1C296998007146F6 /* PactRecordingStubTests */ = {
			isa = PBXGroup;
			children = (
				735BE0CF1C296998007146F6 /* PactRecorderTests.swift */,
				735BE0D11C296998007146F6 /* Info.plist */,
				735BE0E01C296D2C007146F6 /* PactRecordingStubTest.swift */,
				B0669D408D4417FFE54B9163 /* NetworkService.swift */,
			);
			path = PactRecordingStubTests;
			sourceTree = "<group>";
		};
		F26B68C4348EECD4B566E2DB /* Frameworks */ = {
			isa = PBXGroup;
			children = (
				AFF5060DE386AF79EE7D2EF9 /* Pods.framework */,
				455712EC59B984964C74E294 /* Pods_PactRecordingStubTests.framework */,
			);
			name = Frameworks;
			sourceTree = "<group>";
		};
/* End PBXGroup section */

/* Begin PBXHeadersBuildPhase section */
		735BE0BD1C296998007146F6 /* Headers */ = {
			isa = PBXHeadersBuildPhase;
			buildActionMask = 2147483647;
			files = (
			);
			runOnlyForDeploymentPostprocessing = 0;
		};
/* End PBXHeadersBuildPhase section */

/* Begin PBXNativeTarget section */
		735BE0BF1C296998007146F6 /* PactRecordingStub */ = {
			isa = PBXNativeTarget;
			buildConfigurationList = 735BE0D41C296998007146F6 /* Build configuration list for PBXNativeTarget "PactRecordingStub" */;
			buildPhases = (
				011104704ADC4BEFEA9950A1 /* Check Pods Manifest.lock */,
				735BE0BB1C296998007146F6 /* Sources */,
				735BE0BC1C296998007146F6 /* Frameworks */,
				735BE0BD1C296998007146F6 /* Headers */,
				735BE0BE1C296998007146F6 /* Resources */,
				692E36ADDF399C9CC41B3C2E /* Copy Pods Resources */,
			);
			buildRules = (
			);
			dependencies = (
			);
			name = PactRecordingStub;
			productName = PactRecordingStub;
			productReference = 735BE0C01C296998007146F6 /* PactRecordingStub.framework */;
			productType = "com.apple.product-type.framework";
		};
		735BE0C91C296998007146F6 /* PactRecordingStubTests */ = {
			isa = PBXNativeTarget;
			buildConfigurationList = 735BE0D71C296998007146F6 /* Build configuration list for PBXNativeTarget "PactRecordingStubTests" */;
			buildPhases = (
				FD96179753DDC2D616ED5C2C /* Check Pods Manifest.lock */,
				735BE0C61C296998007146F6 /* Sources */,
				735BE0C71C296998007146F6 /* Frameworks */,
				735BE0C81C296998007146F6 /* Resources */,
				A4BEB8DA1A283D4B9B19D85D /* Embed Pods Frameworks */,
				C34C95397DCEBB685A8B4869 /* Copy Pods Resources */,
			);
			buildRules = (
			);
			dependencies = (
				735BE0CD1C296998007146F6 /* PBXTargetDependency */,
			);
			name = PactRecordingStubTests;
			productName = PactRecordingStubTests;
			productReference = 735BE0CA1C296998007146F6 /* PactRecordingStubTests.xctest */;
			productType = "com.apple.product-type.bundle.unit-test";
		};
/* End PBXNativeTarget section */

/* Begin PBXProject section */
		735BE0B71C296998007146F6 /* Project object */ = {
			isa = PBXProject;
			attributes = {
				LastSwiftUpdateCheck = 0710;
				LastUpgradeCheck = 0710;
				ORGANIZATIONNAME = "Deline Neo";
				TargetAttributes = {
					735BE0BF1C296998007146F6 = {
						CreatedOnToolsVersion = 7.1;
						DevelopmentTeam = SDPB4WRGP5;
					};
					735BE0C91C296998007146F6 = {
						CreatedOnToolsVersion = 7.1;
						DevelopmentTeam = SDPB4WRGP5;
					};
				};
			};
			buildConfigurationList = 735BE0BA1C296998007146F6 /* Build configuration list for PBXProject "PactRecordingStub" */;
			compatibilityVersion = "Xcode 3.2";
			developmentRegion = English;
			hasScannedForEncodings = 0;
			knownRegions = (
				en,
			);
			mainGroup = 735BE0B61C296998007146F6;
			productRefGroup = 735BE0C11C296998007146F6 /* Products */;
			projectDirPath = "";
			projectRoot = "";
			targets = (
				735BE0BF1C296998007146F6 /* PactRecordingStub */,
				735BE0C91C296998007146F6 /* PactRecordingStubTests */,
			);
		};
/* End PBXProject section */

/* Begin PBXResourcesBuildPhase section */
		735BE0BE1C296998007146F6 /* Resources */ = {
			isa = PBXResourcesBuildPhase;
			buildActionMask = 2147483647;
			files = (
			);
			runOnlyForDeploymentPostprocessing = 0;
		};
		735BE0C81C296998007146F6 /* Resources */ = {
			isa = PBXResourcesBuildPhase;
			buildActionMask = 2147483647;
			files = (
			);
			runOnlyForDeploymentPostprocessing = 0;
		};
/* End PBXResourcesBuildPhase section */

/* Begin PBXShellScriptBuildPhase section */
		011104704ADC4BEFEA9950A1 /* Check Pods Manifest.lock */ = {
			isa = PBXShellScriptBuildPhase;
			buildActionMask = 2147483647;
			files = (
			);
			inputPaths = (
			);
			name = "Check Pods Manifest.lock";
			outputPaths = (
			);
			runOnlyForDeploymentPostprocessing = 0;
			shellPath = /bin/sh;
			shellScript = "diff \"${PODS_ROOT}/../Podfile.lock\" \"${PODS_ROOT}/Manifest.lock\" > /dev/null\nif [[ $? != 0 ]] ; then\n    cat << EOM\nerror: The sandbox is not in sync with the Podfile.lock. Run 'pod install' or update your CocoaPods installation.\nEOM\n    exit 1\nfi\n";
			showEnvVarsInLog = 0;
		};
		692E36ADDF399C9CC41B3C2E /* Copy Pods Resources */ = {
			isa = PBXShellScriptBuildPhase;
			buildActionMask = 2147483647;
			files = (
			);
			inputPaths = (
			);
			name = "Copy Pods Resources";
			outputPaths = (
			);
			runOnlyForDeploymentPostprocessing = 0;
			shellPath = /bin/sh;
			shellScript = "\"${SRCROOT}/Pods/Target Support Files/Pods/Pods-resources.sh\"\n";
			showEnvVarsInLog = 0;
		};
		A4BEB8DA1A283D4B9B19D85D /* Embed Pods Frameworks */ = {
			isa = PBXShellScriptBuildPhase;
			buildActionMask = 2147483647;
			files = (
			);
			inputPaths = (
			);
			name = "Embed Pods Frameworks";
			outputPaths = (
			);
			runOnlyForDeploymentPostprocessing = 0;
			shellPath = /bin/sh;
			shellScript = "\"${SRCROOT}/Pods/Target Support Files/Pods-PactRecordingStubTests/Pods-PactRecordingStubTests-frameworks.sh\"\n";
			showEnvVarsInLog = 0;
		};
		C34C95397DCEBB685A8B4869 /* Copy Pods Resources */ = {
			isa = PBXShellScriptBuildPhase;
			buildActionMask = 2147483647;
			files = (
			);
			inputPaths = (
			);
			name = "Copy Pods Resources";
			outputPaths = (
			);
			runOnlyForDeploymentPostprocessing = 0;
			shellPath = /bin/sh;
			shellScript = "\"${SRCROOT}/Pods/Target Support Files/Pods-PactRecordingStubTests/Pods-PactRecordingStubTests-resources.sh\"\n";
			showEnvVarsInLog = 0;
		};
		FD96179753DDC2D616ED5C2C /* Check Pods Manifest.lock */ = {
			isa = PBXShellScriptBuildPhase;
			buildActionMask = 2147483647;
			files = (
			);
			inputPaths = (
			);
			name = "Check Pods Manifest.lock";
			outputPaths = (
			);
			runOnlyForDeploymentPostprocessing = 0;
			shellPath = /bin/sh;
			shellScript = "diff \"${PODS_ROOT}/../Podfile.lock\" \"${PODS_ROOT}/Manifest.lock\" > /dev/null\nif [[ $? != 0 ]] ; then\n    cat << EOM\nerror: The sandbox is not in sync with the Podfile.lock. Run 'pod install' or update your CocoaPods installation.\nEOM\n    exit 1\nfi\n";
			showEnvVarsInLog = 0;
		};
/* End PBXShellScriptBuildPhase section */

/* Begin PBXSourcesBuildPhase section */
		735BE0BB1C296998007146F6 /* Sources */ = {
			isa = PBXSourcesBuildPhase;
			buildActionMask = 2147483647;
			files = (
				735BE0DB1C296A68007146F6 /* PactRecorder.swift in Sources */,
				735BE0DD1C296BEE007146F6 /* PactRecordingStub.swift in Sources */,
			);
			runOnlyForDeploymentPostprocessing = 0;
		};
		735BE0C61C296998007146F6 /* Sources */ = {
			isa = PBXSourcesBuildPhase;
			buildActionMask = 2147483647;
			files = (
				735BE0D01C296998007146F6 /* PactRecorderTests.swift in Sources */,
				735BE0E11C296D2C007146F6 /* PactRecordingStubTest.swift in Sources */,
				B06691DD68D26DC4A6974C09 /* NetworkService.swift in Sources */,
			);
			runOnlyForDeploymentPostprocessing = 0;
		};
/* End PBXSourcesBuildPhase section */

/* Begin PBXTargetDependency section */
		735BE0CD1C296998007146F6 /* PBXTargetDependency */ = {
			isa = PBXTargetDependency;
			target = 735BE0BF1C296998007146F6 /* PactRecordingStub */;
			targetProxy = 735BE0CC1C296998007146F6 /* PBXContainerItemProxy */;
		};
/* End PBXTargetDependency section */

/* Begin XCBuildConfiguration section */
		735BE0D21C296998007146F6 /* Debug */ = {
			isa = XCBuildConfiguration;
			buildSettings = {
				ALWAYS_SEARCH_USER_PATHS = NO;
				CLANG_CXX_LANGUAGE_STANDARD = "gnu++0x";
				CLANG_CXX_LIBRARY = "libc++";
				CLANG_ENABLE_MODULES = YES;
				CLANG_ENABLE_OBJC_ARC = YES;
				CLANG_WARN_BOOL_CONVERSION = YES;
				CLANG_WARN_CONSTANT_CONVERSION = YES;
				CLANG_WARN_DIRECT_OBJC_ISA_USAGE = YES_ERROR;
				CLANG_WARN_EMPTY_BODY = YES;
				CLANG_WARN_ENUM_CONVERSION = YES;
				CLANG_WARN_INT_CONVERSION = YES;
				CLANG_WARN_OBJC_ROOT_CLASS = YES_ERROR;
				CLANG_WARN_UNREACHABLE_CODE = YES;
				CLANG_WARN__DUPLICATE_METHOD_MATCH = YES;
				"CODE_SIGN_IDENTITY[sdk=iphoneos*]" = "iPhone Developer";
				COPY_PHASE_STRIP = NO;
				CURRENT_PROJECT_VERSION = 1;
				DEBUG_INFORMATION_FORMAT = dwarf;
				ENABLE_STRICT_OBJC_MSGSEND = YES;
				ENABLE_TESTABILITY = YES;
				GCC_C_LANGUAGE_STANDARD = gnu99;
				GCC_DYNAMIC_NO_PIC = NO;
				GCC_NO_COMMON_BLOCKS = YES;
				GCC_OPTIMIZATION_LEVEL = 0;
				GCC_PREPROCESSOR_DEFINITIONS = (
					"DEBUG=1",
					"$(inherited)",
				);
				GCC_WARN_64_TO_32_BIT_CONVERSION = YES;
				GCC_WARN_ABOUT_RETURN_TYPE = YES_ERROR;
				GCC_WARN_UNDECLARED_SELECTOR = YES;
				GCC_WARN_UNINITIALIZED_AUTOS = YES_AGGRESSIVE;
				GCC_WARN_UNUSED_FUNCTION = YES;
				GCC_WARN_UNUSED_VARIABLE = YES;
				IPHONEOS_DEPLOYMENT_TARGET = 9.1;
				MTL_ENABLE_DEBUG_INFO = YES;
				ONLY_ACTIVE_ARCH = YES;
				SDKROOT = iphoneos;
				SWIFT_OPTIMIZATION_LEVEL = "-Onone";
				TARGETED_DEVICE_FAMILY = "1,2";
				VERSIONING_SYSTEM = "apple-generic";
				VERSION_INFO_PREFIX = "";
			};
			name = Debug;
		};
		735BE0D31C296998007146F6 /* Release */ = {
			isa = XCBuildConfiguration;
			buildSettings = {
				ALWAYS_SEARCH_USER_PATHS = NO;
				CLANG_CXX_LANGUAGE_STANDARD = "gnu++0x";
				CLANG_CXX_LIBRARY = "libc++";
				CLANG_ENABLE_MODULES = YES;
				CLANG_ENABLE_OBJC_ARC = YES;
				CLANG_WARN_BOOL_CONVERSION = YES;
				CLANG_WARN_CONSTANT_CONVERSION = YES;
				CLANG_WARN_DIRECT_OBJC_ISA_USAGE = YES_ERROR;
				CLANG_WARN_EMPTY_BODY = YES;
				CLANG_WARN_ENUM_CONVERSION = YES;
				CLANG_WARN_INT_CONVERSION = YES;
				CLANG_WARN_OBJC_ROOT_CLASS = YES_ERROR;
				CLANG_WARN_UNREACHABLE_CODE = YES;
				CLANG_WARN__DUPLICATE_METHOD_MATCH = YES;
				"CODE_SIGN_IDENTITY[sdk=iphoneos*]" = "iPhone Developer";
				COPY_PHASE_STRIP = NO;
				CURRENT_PROJECT_VERSION = 1;
				DEBUG_INFORMATION_FORMAT = "dwarf-with-dsym";
				ENABLE_NS_ASSERTIONS = NO;
				ENABLE_STRICT_OBJC_MSGSEND = YES;
				GCC_C_LANGUAGE_STANDARD = gnu99;
				GCC_NO_COMMON_BLOCKS = YES;
				GCC_WARN_64_TO_32_BIT_CONVERSION = YES;
				GCC_WARN_ABOUT_RETURN_TYPE = YES_ERROR;
				GCC_WARN_UNDECLARED_SELECTOR = YES;
				GCC_WARN_UNINITIALIZED_AUTOS = YES_AGGRESSIVE;
				GCC_WARN_UNUSED_FUNCTION = YES;
				GCC_WARN_UNUSED_VARIABLE = YES;
				IPHONEOS_DEPLOYMENT_TARGET = 9.1;
				MTL_ENABLE_DEBUG_INFO = NO;
				SDKROOT = iphoneos;
				TARGETED_DEVICE_FAMILY = "1,2";
				VALIDATE_PRODUCT = YES;
				VERSIONING_SYSTEM = "apple-generic";
				VERSION_INFO_PREFIX = "";
			};
			name = Release;
		};
		735BE0D51C296998007146F6 /* Debug */ = {
			isa = XCBuildConfiguration;
			baseConfigurationReference = 085C2562B7F6902A48F297A9 /* Pods.debug.xcconfig */;
			buildSettings = {
				CLANG_ENABLE_MODULES = YES;
				DEFINES_MODULE = YES;
				DYLIB_COMPATIBILITY_VERSION = 1;
				DYLIB_CURRENT_VERSION = 1;
				DYLIB_INSTALL_NAME_BASE = "@rpath";
				INFOPLIST_FILE = PactRecordingStub/Info.plist;
				INSTALL_PATH = "$(LOCAL_LIBRARY_DIR)/Frameworks";
				LD_RUNPATH_SEARCH_PATHS = "$(inherited) @executable_path/Frameworks @loader_path/Frameworks";
				PRODUCT_BUNDLE_IDENTIFIER = com.delineneo.PactRecordingStub;
				PRODUCT_NAME = "$(TARGET_NAME)";
				SKIP_INSTALL = YES;
				SWIFT_OPTIMIZATION_LEVEL = "-Onone";
			};
			name = Debug;
		};
		735BE0D61C296998007146F6 /* Release */ = {
			isa = XCBuildConfiguration;
			baseConfigurationReference = 34059C5DD8AB83D123488BB8 /* Pods.release.xcconfig */;
			buildSettings = {
				CLANG_ENABLE_MODULES = YES;
				DEFINES_MODULE = YES;
				DYLIB_COMPATIBILITY_VERSION = 1;
				DYLIB_CURRENT_VERSION = 1;
				DYLIB_INSTALL_NAME_BASE = "@rpath";
				INFOPLIST_FILE = PactRecordingStub/Info.plist;
				INSTALL_PATH = "$(LOCAL_LIBRARY_DIR)/Frameworks";
				LD_RUNPATH_SEARCH_PATHS = "$(inherited) @executable_path/Frameworks @loader_path/Frameworks";
				PRODUCT_BUNDLE_IDENTIFIER = com.delineneo.PactRecordingStub;
				PRODUCT_NAME = "$(TARGET_NAME)";
				SKIP_INSTALL = YES;
			};
			name = Release;
		};
		735BE0D81C296998007146F6 /* Debug */ = {
			isa = XCBuildConfiguration;
			baseConfigurationReference = 903651EE7D08E7B835107DAF /* Pods-PactRecordingStubTests.debug.xcconfig */;
			buildSettings = {
				INFOPLIST_FILE = PactRecordingStubTests/Info.plist;
				LD_RUNPATH_SEARCH_PATHS = "$(inherited) @executable_path/Frameworks @loader_path/Frameworks";
				PRODUCT_BUNDLE_IDENTIFIER = com.delineneo.PactRecordingStubTests;
				PRODUCT_NAME = "$(TARGET_NAME)";
			};
			name = Debug;
		};
		735BE0D91C296998007146F6 /* Release */ = {
			isa = XCBuildConfiguration;
			baseConfigurationReference = C8053AFF630D28BDBE678927 /* Pods-PactRecordingStubTests.release.xcconfig */;
			buildSettings = {
				INFOPLIST_FILE = PactRecordingStubTests/Info.plist;
				LD_RUNPATH_SEARCH_PATHS = "$(inherited) @executable_path/Frameworks @loader_path/Frameworks";
				PRODUCT_BUNDLE_IDENTIFIER = com.delineneo.PactRecordingStubTests;
				PRODUCT_NAME = "$(TARGET_NAME)";
			};
			name = Release;
		};
/* End XCBuildConfiguration section */

/* Begin XCConfigurationList section */
		735BE0BA1C296998007146F6 /* Build configuration list for PBXProject "PactRecordingStub" */ = {
			isa = XCConfigurationList;
			buildConfigurations = (
				735BE0D21C296998007146F6 /* Debug */,
				735BE0D31C296998007146F6 /* Release */,
			);
			defaultConfigurationIsVisible = 0;
			defaultConfigurationName = Release;
		};
		735BE0D41C296998007146F6 /* Build configuration list for PBXNativeTarget "PactRecordingStub" */ = {
			isa = XCConfigurationList;
			buildConfigurations = (
				735BE0D51C296998007146F6 /* Debug */,
				735BE0D61C296998007146F6 /* Release */,
			);
			defaultConfigurationIsVisible = 0;
			defaultConfigurationName = Release;
		};
		735BE0D71C296998007146F6 /* Build configuration list for PBXNativeTarget "PactRecordingStubTests" */ = {
			isa = XCConfigurationList;
			buildConfigurations = (
				735BE0D81C296998007146F6 /* Debug */,
				735BE0D91C296998007146F6 /* Release */,
			);
			defaultConfigurationIsVisible = 0;
			defaultConfigurationName = Release;
		};
/* End XCConfigurationList section */
	};
	rootObject = 735BE0B71C296998007146F6 /* Project object */;
}
